// !$*UTF8*$!
{
	archiveVersion = 1;
	classes = {
	};
	objectVersion = 60;
	objects = {

/* Begin PBXBuildFile section */
		DBD36B5B2B199AD9009A2D63 /* firstApp.swift in Sources */ = {isa = PBXBuildFile; fileRef = DBD36B5A2B199AD9009A2D63 /* firstApp.swift */; };
		DBD36B5D2B199AD9009A2D63 /* ContentView.swift in Sources */ = {isa = PBXBuildFile; fileRef = DBD36B5C2B199AD9009A2D63 /* ContentView.swift */; };
		DBD36B5F2B199ADA009A2D63 /* Assets.xcassets in Resources */ = {isa = PBXBuildFile; fileRef = DBD36B5E2B199ADA009A2D63 /* Assets.xcassets */; };
		DBD36B622B199ADA009A2D63 /* Preview Assets.xcassets in Resources */ = {isa = PBXBuildFile; fileRef = DBD36B612B199ADA009A2D63 /* Preview Assets.xcassets */; };
		DBD36B6C2B199ADA009A2D63 /* firstTests.swift in Sources */ = {isa = PBXBuildFile; fileRef = DBD36B6B2B199ADA009A2D63 /* firstTests.swift */; };
		DBD36B762B199ADA009A2D63 /* firstUITests.swift in Sources */ = {isa = PBXBuildFile; fileRef = DBD36B752B199ADA009A2D63 /* firstUITests.swift */; };
		DBD36B782B199ADA009A2D63 /* firstUITestsLaunchTests.swift in Sources */ = {isa = PBXBuildFile; fileRef = DBD36B772B199ADA009A2D63 /* firstUITestsLaunchTests.swift */; };
/* End PBXBuildFile section */

/* Begin PBXContainerItemProxy section */
		DBD36B682B199ADA009A2D63 /* PBXContainerItemProxy */ = {
			isa = PBXContainerItemProxy;
			containerPortal = DBD36B4F2B199AD9009A2D63 /* Project object */;
			proxyType = 1;
			remoteGlobalIDString = DBD36B562B199AD9009A2D63;
			remoteInfo = first;
		};
		DBD36B722B199ADA009A2D63 /* PBXContainerItemProxy */ = {
			isa = PBXContainerItemProxy;
			containerPortal = DBD36B4F2B199AD9009A2D63 /* Project object */;
			proxyType = 1;
			remoteGlobalIDString = DBD36B562B199AD9009A2D63;
			remoteInfo = first;
		};
/* End PBXContainerItemProxy section */

/* Begin PBXFileReference section */
		DBD36B572B199AD9009A2D63 /* first.app */ = {isa = PBXFileReference; explicitFileType = wrapper.application; includeInIndex = 0; path = first.app; sourceTree = BUILT_PRODUCTS_DIR; };
		DBD36B5A2B199AD9009A2D63 /* firstApp.swift */ = {isa = PBXFileReference; lastKnownFileType = sourcecode.swift; path = firstApp.swift; sourceTree = "<group>"; };
		DBD36B5C2B199AD9009A2D63 /* ContentView.swift */ = {isa = PBXFileReference; lastKnownFileType = sourcecode.swift; path = ContentView.swift; sourceTree = "<group>"; };
		DBD36B5E2B199ADA009A2D63 /* Assets.xcassets */ = {isa = PBXFileReference; lastKnownFileType = folder.assetcatalog; path = Assets.xcassets; sourceTree = "<group>"; };
		DBD36B612B199ADA009A2D63 /* Preview Assets.xcassets */ = {isa = PBXFileReference; lastKnownFileType = folder.assetcatalog; path = "Preview Assets.xcassets"; sourceTree = "<group>"; };
		DBD36B672B199ADA009A2D63 /* firstTests.xctest */ = {isa = PBXFileReference; explicitFileType = wrapper.cfbundle; includeInIndex = 0; path = firstTests.xctest; sourceTree = BUILT_PRODUCTS_DIR; };
		DBD36B6B2B199ADA009A2D63 /* firstTests.swift */ = {isa = PBXFileReference; lastKnownFileType = sourcecode.swift; path = firstTests.swift; sourceTree = "<group>"; };
		DBD36B712B199ADA009A2D63 /* firstUITests.xctest */ = {isa = PBXFileReference; explicitFileType = wrapper.cfbundle; includeInIndex = 0; path = firstUITests.xctest; sourceTree = BUILT_PRODUCTS_DIR; };
		DBD36B752B199ADA009A2D63 /* firstUITests.swift */ = {isa = PBXFileReference; lastKnownFileType = sourcecode.swift; path = firstUITests.swift; sourceTree = "<group>"; };
		DBD36B772B199ADA009A2D63 /* firstUITestsLaunchTests.swift */ = {isa = PBXFileReference; lastKnownFileType = sourcecode.swift; path = firstUITestsLaunchTests.swift; sourceTree = "<group>"; };
/* End PBXFileReference section */

/* Begin PBXFrameworksBuildPhase section */
		DBD36B542B199AD9009A2D63 /* Frameworks */ = {
			isa = PBXFrameworksBuildPhase;
			buildActionMask = 2147483647;
			files = (
			);
			runOnlyForDeploymentPostprocessing = 0;
		};
		DBD36B642B199ADA009A2D63 /* Frameworks */ = {
			isa = PBXFrameworksBuildPhase;
			buildActionMask = 2147483647;
			files = (
			);
			runOnlyForDeploymentPostprocessing = 0;
		};
		DBD36B6E2B199ADA009A2D63 /* Frameworks */ = {
			isa = PBXFrameworksBuildPhase;
			buildActionMask = 2147483647;
			files = (
			);
			runOnlyForDeploymentPostprocessing = 0;
		};
/* End PBXFrameworksBuildPhase section */

/* Begin PBXGroup section */
		DBD36B4E2B199AD9009A2D63 = {
			isa = PBXGroup;
			children = (
				DBD36B592B199AD9009A2D63 /* first */,
				DBD36B6A2B199ADA009A2D63 /* firstTests */,
				DBD36B742B199ADA009A2D63 /* firstUITests */,
				DBD36B582B199AD9009A2D63 /* Products */,
			);
			sourceTree = "<group>";
		};
		DBD36B582B199AD9009A2D63 /* Products */ = {
			isa = PBXGroup;
			children = (
				DBD36B572B199AD9009A2D63 /* first.app */,
				DBD36B672B199ADA009A2D63 /* firstTests.xctest */,
				DBD36B712B199ADA009A2D63 /* firstUITests.xctest */,
			);
			name = Products;
			sourceTree = "<group>";
		};
		DBD36B592B199AD9009A2D63 /* first */ = {
			isa = PBXGroup;
			children = (
				DBD36B5A2B199AD9009A2D63 /* firstApp.swift */,
				DBD36B5C2B199AD9009A2D63 /* ContentView.swift */,
				DBD36B5E2B199ADA009A2D63 /* Assets.xcassets */,
				DBD36B602B199ADA009A2D63 /* Preview Content */,
			);
			path = first;
			sourceTree = "<group>";
		};
		DBD36B602B199ADA009A2D63 /* Preview Content */ = {
			isa = PBXGroup;
			children = (
				DBD36B612B199ADA009A2D63 /* Preview Assets.xcassets */,
			);
			path = "Preview Content";
			sourceTree = "<group>";
		};
		DBD36B6A2B199ADA009A2D63 /* firstTests */ = {
			isa = PBXGroup;
			children = (
				DBD36B6B2B199ADA009A2D63 /* firstTests.swift */,
			);
			path = firstTests;
			sourceTree = "<group>";
		};
		DBD36B742B199ADA009A2D63 /* firstUITests */ = {
			isa = PBXGroup;
			children = (
				DBD36B752B199ADA009A2D63 /* firstUITests.swift */,
				DBD36B772B199ADA009A2D63 /* firstUITestsLaunchTests.swift */,
			);
			path = firstUITests;
			sourceTree = "<group>";
		};
/* End PBXGroup section */

/* Begin PBXNativeTarget section */
		DBD36B562B199AD9009A2D63 /* first */ = {
			isa = PBXNativeTarget;
			buildConfigurationList = DBD36B7B2B199ADA009A2D63 /* Build configuration list for PBXNativeTarget "first" */;
			buildPhases = (
				DBD36B532B199AD9009A2D63 /* Sources */,
				DBD36B542B199AD9009A2D63 /* Frameworks */,
				DBD36B552B199AD9009A2D63 /* Resources */,
			);
			buildRules = (
			);
			dependencies = (
			);
			name = first;
			productName = first;
			productReference = DBD36B572B199AD9009A2D63 /* first.app */;
			productType = "com.apple.product-type.application";
		};
		DBD36B662B199ADA009A2D63 /* firstTests */ = {
			isa = PBXNativeTarget;
			buildConfigurationList = DBD36B7E2B199ADA009A2D63 /* Build configuration list for PBXNativeTarget "firstTests" */;
			buildPhases = (
				DBD36B632B199ADA009A2D63 /* Sources */,
				DBD36B642B199ADA009A2D63 /* Frameworks */,
				DBD36B652B199ADA009A2D63 /* Resources */,
			);
			buildRules = (
			);
			dependencies = (
				DBD36B692B199ADA009A2D63 /* PBXTargetDependency */,
			);
			name = firstTests;
			productName = firstTests;
			productReference = DBD36B672B199ADA009A2D63 /* firstTests.xctest */;
			productType = "com.apple.product-type.bundle.unit-test";
		};
		DBD36B702B199ADA009A2D63 /* firstUITests */ = {
			isa = PBXNativeTarget;
			buildConfigurationList = DBD36B812B199ADA009A2D63 /* Build configuration list for PBXNativeTarget "firstUITests" */;
			buildPhases = (
				DBD36B6D2B199ADA009A2D63 /* Sources */,
				DBD36B6E2B199ADA009A2D63 /* Frameworks */,
				DBD36B6F2B199ADA009A2D63 /* Resources */,
			);
			buildRules = (
			);
			dependencies = (
				DBD36B732B199ADA009A2D63 /* PBXTargetDependency */,
			);
			name = firstUITests;
			productName = firstUITests;
			productReference = DBD36B712B199ADA009A2D63 /* firstUITests.xctest */;
			productType = "com.apple.product-type.bundle.ui-testing";
		};
/* End PBXNativeTarget section */

/* Begin PBXProject section */
		DBD36B4F2B199AD9009A2D63 /* Project object */ = {
			isa = PBXProject;
			attributes = {
				BuildIndependentTargetsInParallel = 1;
				LastSwiftUpdateCheck = 1430;
				LastUpgradeCheck = 1430;
				TargetAttributes = {
					DBD36B562B199AD9009A2D63 = {
						CreatedOnToolsVersion = 14.3.1;
					};
					DBD36B662B199ADA009A2D63 = {
						CreatedOnToolsVersion = 14.3.1;
						TestTargetID = DBD36B562B199AD9009A2D63;
					};
					DBD36B702B199ADA009A2D63 = {
						CreatedOnToolsVersion = 14.3.1;
						TestTargetID = DBD36B562B199AD9009A2D63;
					};
				};
			};
			buildConfigurationList = DBD36B522B199AD9009A2D63 /* Build configuration list for PBXProject "first" */;
			compatibilityVersion = "Xcode 15.0";
			developmentRegion = en;
			hasScannedForEncodings = 0;
			knownRegions = (
				en,
				Base,
			);
			mainGroup = DBD36B4E2B199AD9009A2D63;
			productRefGroup = DBD36B582B199AD9009A2D63 /* Products */;
			projectDirPath = "";
			projectRoot = "";
			targets = (
				DBD36B562B199AD9009A2D63 /* first */,
				DBD36B662B199ADA009A2D63 /* firstTests */,
				DBD36B702B199ADA009A2D63 /* firstUITests */,
			);
		};
/* End PBXProject section */

/* Begin PBXResourcesBuildPhase section */
		DBD36B552B199AD9009A2D63 /* Resources */ = {
			isa = PBXResourcesBuildPhase;
			buildActionMask = 2147483647;
			files = (
				DBD36B622B199ADA009A2D63 /* Preview Assets.xcassets in Resources */,
				DBD36B5F2B199ADA009A2D63 /* Assets.xcassets in Resources */,
			);
			runOnlyForDeploymentPostprocessing = 0;
		};
		DBD36B652B199ADA009A2D63 /* Resources */ = {
			isa = PBXResourcesBuildPhase;
			buildActionMask = 2147483647;
			files = (
			);
			runOnlyForDeploymentPostprocessing = 0;
		};
		DBD36B6F2B199ADA009A2D63 /* Resources */ = {
			isa = PBXResourcesBuildPhase;
			buildActionMask = 2147483647;
			files = (
			);
			runOnlyForDeploymentPostprocessing = 0;
		};
/* End PBXResourcesBuildPhase section */

/* Begin PBXSourcesBuildPhase section */
		DBD36B532B199AD9009A2D63 /* Sources */ = {
			isa = PBXSourcesBuildPhase;
			buildActionMask = 2147483647;
			files = (
				DBD36B5D2B199AD9009A2D63 /* ContentView.swift in Sources */,
				DBD36B5B2B199AD9009A2D63 /* firstApp.swift in Sources */,
			);
			runOnlyForDeploymentPostprocessing = 0;
		};
		DBD36B632B199ADA009A2D63 /* Sources */ = {
			isa = PBXSourcesBuildPhase;
			buildActionMask = 2147483647;
			files = (
				DBD36B6C2B199ADA009A2D63 /* firstTests.swift in Sources */,
			);
			runOnlyForDeploymentPostprocessing = 0;
		};
		DBD36B6D2B199ADA009A2D63 /* Sources */ = {
			isa = PBXSourcesBuildPhase;
			buildActionMask = 2147483647;
			files = (
				DBD36B762B199ADA009A2D63 /* firstUITests.swift in Sources */,
				DBD36B782B199ADA009A2D63 /* firstUITestsLaunchTests.swift in Sources */,
			);
			runOnlyForDeploymentPostprocessing = 0;
		};
/* End PBXSourcesBuildPhase section */

/* Begin PBXTargetDependency section */
		DBD36B692B199ADA009A2D63 /* PBXTargetDependency */ = {
			isa = PBXTargetDependency;
			target = DBD36B562B199AD9009A2D63 /* first */;
			targetProxy = DBD36B682B199ADA009A2D63 /* PBXContainerItemProxy */;
		};
		DBD36B732B199ADA009A2D63 /* PBXTargetDependency */ = {
			isa = PBXTargetDependency;
			target = DBD36B562B199AD9009A2D63 /* first */;
			targetProxy = DBD36B722B199ADA009A2D63 /* PBXContainerItemProxy */;
		};
/* End PBXTargetDependency section */

/* Begin XCBuildConfiguration section */
		DBD36B792B199ADA009A2D63 /* Debug */ = {
			isa = XCBuildConfiguration;
			buildSettings = {
				ALWAYS_SEARCH_USER_PATHS = NO;
				CLANG_ANALYZER_NONNULL = YES;
				CLANG_ANALYZER_NUMBER_OBJECT_CONVERSION = YES_AGGRESSIVE;
				CLANG_CXX_LANGUAGE_STANDARD = "gnu++20";
				CLANG_ENABLE_MODULES = YES;
				CLANG_ENABLE_OBJC_ARC = YES;
				CLANG_ENABLE_OBJC_WEAK = YES;
				CLANG_WARN_BLOCK_CAPTURE_AUTORELEASING = YES;
				CLANG_WARN_BOOL_CONVERSION = YES;
				CLANG_WARN_COMMA = YES;
				CLANG_WARN_CONSTANT_CONVERSION = YES;
				CLANG_WARN_DEPRECATED_OBJC_IMPLEMENTATIONS = YES;
				CLANG_WARN_DIRECT_OBJC_ISA_USAGE = YES_ERROR;
				CLANG_WARN_DOCUMENTATION_COMMENTS = YES;
				CLANG_WARN_EMPTY_BODY = YES;
				CLANG_WARN_ENUM_CONVERSION = YES;
				CLANG_WARN_INFINITE_RECURSION = YES;
				CLANG_WARN_INT_CONVERSION = YES;
				CLANG_WARN_NON_LITERAL_NULL_CONVERSION = YES;
				CLANG_WARN_OBJC_IMPLICIT_RETAIN_SELF = YES;
				CLANG_WARN_OBJC_LITERAL_CONVERSION = YES;
				CLANG_WARN_OBJC_ROOT_CLASS = YES_ERROR;
				CLANG_WARN_QUOTED_INCLUDE_IN_FRAMEWORK_HEADER = YES;
				CLANG_WARN_RANGE_LOOP_ANALYSIS = YES;
				CLANG_WARN_STRICT_PROTOTYPES = YES;
				CLANG_WARN_SUSPICIOUS_MOVE = YES;
				CLANG_WARN_UNGUARDED_AVAILABILITY = YES_AGGRESSIVE;
				CLANG_WARN_UNREACHABLE_CODE = YES;
				CLANG_WARN__DUPLICATE_METHOD_MATCH = YES;
				COPY_PHASE_STRIP = NO;
				DEBUG_INFORMATION_FORMAT = dwarf;
				ENABLE_STRICT_OBJC_MSGSEND = YES;
				ENABLE_TESTABILITY = YES;
				GCC_C_LANGUAGE_STANDARD = gnu11;
				GCC_DYNAMIC_NO_PIC = NO;
				GCC_NO_COMMON_BLOCKS = YES;
				GCC_OPTIMIZATION_LEVEL = 0;
				GCC_PREPROCESSOR_DEFINITIONS = (
					"DEBUG=1",
					"$(inherited)",
				);
				GCC_WARN_64_TO_32_BIT_CONVERSION = YES;
				GCC_WARN_ABOUT_RETURN_TYPE = YES_ERROR;
				GCC_WARN_UNDECLARED_SELECTOR = YES;
				GCC_WARN_UNINITIALIZED_AUTOS = YES_AGGRESSIVE;
				GCC_WARN_UNUSED_FUNCTION = YES;
				GCC_WARN_UNUSED_VARIABLE = YES;
				IPHONEOS_DEPLOYMENT_TARGET = 16.1;
				MTL_ENABLE_DEBUG_INFO = INCLUDE_SOURCE;
				MTL_FAST_MATH = YES;
				ONLY_ACTIVE_ARCH = YES;
				SDKROOT = iphoneos;
				SWIFT_ACTIVE_COMPILATION_CONDITIONS = DEBUG;
				SWIFT_OPTIMIZATION_LEVEL = "-Onone";
			};
			name = Debug;
		};
		DBD36B7A2B199ADA009A2D63 /* Release */ = {
			isa = XCBuildConfiguration;
			buildSettings = {
				ALWAYS_SEARCH_USER_PATHS = NO;
				CLANG_ANALYZER_NONNULL = YES;
				CLANG_ANALYZER_NUMBER_OBJECT_CONVERSION = YES_AGGRESSIVE;
				CLANG_CXX_LANGUAGE_STANDARD = "gnu++20";
				CLANG_ENABLE_MODULES = YES;
				CLANG_ENABLE_OBJC_ARC = YES;
				CLANG_ENABLE_OBJC_WEAK = YES;
				CLANG_WARN_BLOCK_CAPTURE_AUTORELEASING = YES;
				CLANG_WARN_BOOL_CONVERSION = YES;
				CLANG_WARN_COMMA = YES;
				CLANG_WARN_CONSTANT_CONVERSION = YES;
				CLANG_WARN_DEPRECATED_OBJC_IMPLEMENTATIONS = YES;
				CLANG_WARN_DIRECT_OBJC_ISA_USAGE = YES_ERROR;
				CLANG_WARN_DOCUMENTATION_COMMENTS = YES;
				CLANG_WARN_EMPTY_BODY = YES;
				CLANG_WARN_ENUM_CONVERSION = YES;
				CLANG_WARN_INFINITE_RECURSION = YES;
				CLANG_WARN_INT_CONVERSION = YES;
				CLANG_WARN_NON_LITERAL_NULL_CONVERSION = YES;
				CLANG_WARN_OBJC_IMPLICIT_RETAIN_SELF = YES;
				CLANG_WARN_OBJC_LITERAL_CONVERSION = YES;
				CLANG_WARN_OBJC_ROOT_CLASS = YES_ERROR;
				CLANG_WARN_QUOTED_INCLUDE_IN_FRAMEWORK_HEADER = YES;
				CLANG_WARN_RANGE_LOOP_ANALYSIS = YES;
				CLANG_WARN_STRICT_PROTOTYPES = YES;
				CLANG_WARN_SUSPICIOUS_MOVE = YES;
				CLANG_WARN_UNGUARDED_AVAILABILITY = YES_AGGRESSIVE;
				CLANG_WARN_UNREACHABLE_CODE = YES;
				CLANG_WARN__DUPLICATE_METHOD_MATCH = YES;
				COPY_PHASE_STRIP = NO;
				DEBUG_INFORMATION_FORMAT = "dwarf-with-dsym";
				ENABLE_NS_ASSERTIONS = NO;
				ENABLE_STRICT_OBJC_MSGSEND = YES;
				GCC_C_LANGUAGE_STANDARD = gnu11;
				GCC_NO_COMMON_BLOCKS = YES;
				GCC_WARN_64_TO_32_BIT_CONVERSION = YES;
				GCC_WARN_ABOUT_RETURN_TYPE = YES_ERROR;
				GCC_WARN_UNDECLARED_SELECTOR = YES;
				GCC_WARN_UNINITIALIZED_AUTOS = YES_AGGRESSIVE;
				GCC_WARN_UNUSED_FUNCTION = YES;
				GCC_WARN_UNUSED_VARIABLE = YES;
				IPHONEOS_DEPLOYMENT_TARGET = 16.1;
				MTL_ENABLE_DEBUG_INFO = NO;
				MTL_FAST_MATH = YES;
				SDKROOT = iphoneos;
				SWIFT_COMPILATION_MODE = wholemodule;
				SWIFT_OPTIMIZATION_LEVEL = "-O";
				VALIDATE_PRODUCT = YES;
			};
			name = Release;
		};
		DBD36B7C2B199ADA009A2D63 /* Debug */ = {
			isa = XCBuildConfiguration;
			buildSettings = {
				ASSETCATALOG_COMPILER_APPICON_NAME = AppIcon;
				ASSETCATALOG_COMPILER_GLOBAL_ACCENT_COLOR_NAME = AccentColor;
				CODE_SIGN_STYLE = Automatic;
				CURRENT_PROJECT_VERSION = 1;
				DEVELOPMENT_ASSET_PATHS = "\"first/Preview Content\"";
				DEVELOPMENT_TEAM = FDGS36H247;
				ENABLE_PREVIEWS = YES;
				GENERATE_INFOPLIST_FILE = YES;
				INFOPLIST_KEY_UIApplicationSceneManifest_Generation = YES;
				INFOPLIST_KEY_UIApplicationSupportsIndirectInputEvents = YES;
				INFOPLIST_KEY_UILaunchScreen_Generation = YES;
				INFOPLIST_KEY_UISupportedInterfaceOrientations_iPad = "UIInterfaceOrientationPortrait UIInterfaceOrientationPortraitUpsideDown UIInterfaceOrientationLandscapeLeft UIInterfaceOrientationLandscapeRight";
				INFOPLIST_KEY_UISupportedInterfaceOrientations_iPhone = "UIInterfaceOrientationPortrait UIInterfaceOrientationLandscapeLeft UIInterfaceOrientationLandscapeRight";
				IPHONEOS_DEPLOYMENT_TARGET = 16.1;
				LD_RUNPATH_SEARCH_PATHS = (
					"$(inherited)",
					"@executable_path/Frameworks",
				);
				MARKETING_VERSION = 1.0;
				PRODUCT_BUNDLE_IDENTIFIER = com.excellor.first;
				PRODUCT_NAME = "$(TARGET_NAME)";
				SWIFT_EMIT_LOC_STRINGS = YES;
				SWIFT_VERSION = 5.0;
				TARGETED_DEVICE_FAMILY = "1,2";
			};
			name = Debug;
		};
		DBD36B7D2B199ADA009A2D63 /* Release */ = {
			isa = XCBuildConfiguration;
			buildSettings = {
				ASSETCATALOG_COMPILER_APPICON_NAME = AppIcon;
				ASSETCATALOG_COMPILER_GLOBAL_ACCENT_COLOR_NAME = AccentColor;
				CODE_SIGN_STYLE = Automatic;
				CURRENT_PROJECT_VERSION = 1;
				DEVELOPMENT_ASSET_PATHS = "\"first/Preview Content\"";
				DEVELOPMENT_TEAM = FDGS36H247;
				ENABLE_PREVIEWS = YES;
				GENERATE_INFOPLIST_FILE = YES;
				INFOPLIST_KEY_UIApplicationSceneManifest_Generation = YES;
				INFOPLIST_KEY_UIApplicationSupportsIndirectInputEvents = YES;
				INFOPLIST_KEY_UILaunchScreen_Generation = YES;
				INFOPLIST_KEY_UISupportedInterfaceOrientations_iPad = "UIInterfaceOrientationPortrait UIInterfaceOrientationPortraitUpsideDown UIInterfaceOrientationLandscapeLeft UIInterfaceOrientationLandscapeRight";
				INFOPLIST_KEY_UISupportedInterfaceOrientations_iPhone = "UIInterfaceOrientationPortrait UIInterfaceOrientationLandscapeLeft UIInterfaceOrientationLandscapeRight";
				IPHONEOS_DEPLOYMENT_TARGET = 16.1;
				LD_RUNPATH_SEARCH_PATHS = (
					"$(inherited)",
					"@executable_path/Frameworks",
				);
				MARKETING_VERSION = 1.0;
				PRODUCT_BUNDLE_IDENTIFIER = com.excellor.first;
				PRODUCT_NAME = "$(TARGET_NAME)";
				SWIFT_EMIT_LOC_STRINGS = YES;
				SWIFT_VERSION = 5.0;
				TARGETED_DEVICE_FAMILY = "1,2";
			};
			name = Release;
		};
		DBD36B7F2B199ADA009A2D63 /* Debug */ = {
			isa = XCBuildConfiguration;
			buildSettings = {
				ALWAYS_EMBED_SWIFT_STANDARD_LIBRARIES = YES;
				BUNDLE_LOADER = "$(TEST_HOST)";
				CODE_SIGN_STYLE = Automatic;
				CURRENT_PROJECT_VERSION = 1;
				GENERATE_INFOPLIST_FILE = YES;
				IPHONEOS_DEPLOYMENT_TARGET = 16.4;
				MARKETING_VERSION = 1.0;
				PRODUCT_BUNDLE_IDENTIFIER = com.excellor.firstTests;
				PRODUCT_NAME = "$(TARGET_NAME)";
				SWIFT_EMIT_LOC_STRINGS = NO;
				SWIFT_VERSION = 5.0;
				TARGETED_DEVICE_FAMILY = "1,2";
				TEST_HOST = "$(BUILT_PRODUCTS_DIR)/first.app/$(BUNDLE_EXECUTABLE_FOLDER_PATH)/first";
			};
			name = Debug;
		};
		DBD36B802B199ADA009A2D63 /* Release */ = {
			isa = XCBuildConfiguration;
			buildSettings = {
				ALWAYS_EMBED_SWIFT_STANDARD_LIBRARIES = YES;
				BUNDLE_LOADER = "$(TEST_HOST)";
				CODE_SIGN_STYLE = Automatic;
				CURRENT_PROJECT_VERSION = 1;
				GENERATE_INFOPLIST_FILE = YES;
				IPHONEOS_DEPLOYMENT_TARGET = 16.4;
				MARKETING_VERSION = 1.0;
				PRODUCT_BUNDLE_IDENTIFIER = com.excellor.firstTests;
				PRODUCT_NAME = "$(TARGET_NAME)";
				SWIFT_EMIT_LOC_STRINGS = NO;
				SWIFT_VERSION = 5.0;
				TARGETED_DEVICE_FAMILY = "1,2";
				TEST_HOST = "$(BUILT_PRODUCTS_DIR)/first.app/$(BUNDLE_EXECUTABLE_FOLDER_PATH)/first";
			};
			name = Release;
		};
		DBD36B822B199ADA009A2D63 /* Debug */ = {
			isa = XCBuildConfiguration;
			buildSettings = {
				ALWAYS_EMBED_SWIFT_STANDARD_LIBRARIES = YES;
				CODE_SIGN_STYLE = Automatic;
				CURRENT_PROJECT_VERSION = 1;
				GENERATE_INFOPLIST_FILE = YES;
				MARKETING_VERSION = 1.0;
				PRODUCT_BUNDLE_IDENTIFIER = com.excellor.firstUITests;
				PRODUCT_NAME = "$(TARGET_NAME)";
				SWIFT_EMIT_LOC_STRINGS = NO;
				SWIFT_VERSION = 5.0;
				TARGETED_DEVICE_FAMILY = "1,2";
				TEST_TARGET_NAME = first;
			};
			name = Debug;
		};
		DBD36B832B199ADA009A2D63 /* Release */ = {
			isa = XCBuildConfiguration;
			buildSettings = {
				ALWAYS_EMBED_SWIFT_STANDARD_LIBRARIES = YES;
				CODE_SIGN_STYLE = Automatic;
				CURRENT_PROJECT_VERSION = 1;
				GENERATE_INFOPLIST_FILE = YES;
				MARKETING_VERSION = 1.0;
				PRODUCT_BUNDLE_IDENTIFIER = com.excellor.firstUITests;
				PRODUCT_NAME = "$(TARGET_NAME)";
				SWIFT_EMIT_LOC_STRINGS = NO;
				SWIFT_VERSION = 5.0;
				TARGETED_DEVICE_FAMILY = "1,2";
				TEST_TARGET_NAME = first;
			};
			name = Release;
		};
/* End XCBuildConfiguration section */

/* Begin XCConfigurationList section */
		DBD36B522B199AD9009A2D63 /* Build configuration list for PBXProject "first" */ = {
			isa = XCConfigurationList;
			buildConfigurations = (
				DBD36B792B199ADA009A2D63 /* Debug */,
				DBD36B7A2B199ADA009A2D63 /* Release */,
			);
			defaultConfigurationIsVisible = 0;
			defaultConfigurationName = Release;
		};
		DBD36B7B2B199ADA009A2D63 /* Build configuration list for PBXNativeTarget "first" */ = {
			isa = XCConfigurationList;
			buildConfigurations = (
				DBD36B7C2B199ADA009A2D63 /* Debug */,
				DBD36B7D2B199ADA009A2D63 /* Release */,
			);
			defaultConfigurationIsVisible = 0;
			defaultConfigurationName = Release;
		};
		DBD36B7E2B199ADA009A2D63 /* Build configuration list for PBXNativeTarget "firstTests" */ = {
			isa = XCConfigurationList;
			buildConfigurations = (
				DBD36B7F2B199ADA009A2D63 /* Debug */,
				DBD36B802B199ADA009A2D63 /* Release */,
			);
			defaultConfigurationIsVisible = 0;
			defaultConfigurationName = Release;
		};
		DBD36B812B199ADA009A2D63 /* Build configuration list for PBXNativeTarget "firstUITests" */ = {
			isa = XCConfigurationList;
			buildConfigurations = (
				DBD36B822B199ADA009A2D63 /* Debug */,
				DBD36B832B199ADA009A2D63 /* Release */,
			);
			defaultConfigurationIsVisible = 0;
			defaultConfigurationName = Release;
		};
/* End XCConfigurationList section */
	};
	rootObject = DBD36B4F2B199AD9009A2D63 /* Project object */;
}
